
Microsoft Visual Studio Solution File, Format Version 12.00
Project("{FAE04EC0-301F-11D3-BF4B-00C04F79EFBC}") = "UneceGenerator", "UneceGenerator\UneceGenerator.csproj", "{C0A195CE-0615-4BE4-AE03-9EF3A4A6293E}"
EndProject
Global
	GlobalSection(SolutionConfigurationPlatforms) = preSolution
		Debug|Any CPU = Debug|Any CPU
		Release|Any CPU = Release|Any CPU
	EndGlobalSection
	GlobalSection(ProjectConfigurationPlatforms) = postSolution
		{C0A195CE-0615-4BE4-AE03-9EF3A4A6293E}.Debug|Any CPU.ActiveCfg = Debug|Any CPU
		{C0A195CE-0615-4BE4-AE03-9EF3A4A6293E}.Debug|Any CPU.Build.0 = Debug|Any CPU
		{C0A195CE-0615-4BE4-AE03-9EF3A4A6293E}.Release|Any CPU.ActiveCfg = Release|Any CPU
		{C0A195CE-0615-4BE4-AE03-9EF3A4A6293E}.Release|Any CPU.Build.0 = Release|Any CPU
	EndGlobalSection
EndGlobal
